PODS:
  - DeviceKit (1.10.0)
  - JVCAGradientLayerExtensions (0.1.0)
  - JVCAShapeLayerExtensions (0.1.0)
  - JVConstraintEdges (0.1.5):
    - JVContentType
    - JVSizeable
  - JVContentType (0.1.1)
  - JVCurrentDevice (0.1.1):
    - DeviceKit
  - JVFontUtils (0.1.0)
  - JVGradientLayer (0.1.2):
    - JVCAGradientLayerExtensions
    - JVContentType
  - JVRestartable (0.1.4)
  - JVShapeHalfMoon (0.1.0):
    - JVCAShapeLayerExtensions
    - JVContentType
  - JVSizeable (0.1.0)
  - JVTableView (0.1.0):
    - JVConstraintEdges
    - JVTappable
    - JVView
  - JVTappable (0.1.0)
  - JVView (0.1.6):
    - JVConstraintEdges
    - JVContentType
    - JVCurrentDevice
    - JVFontUtils
    - JVGradientLayer
    - JVRestartable
    - JVShapeHalfMoon
    - JVSizeable

DEPENDENCIES:
  - JVTableView (from `../`)

SPEC REPOS:
  https://github.com/cocoapods/specs.git:
    - DeviceKit
  "https://Jasperav@bitbucket.org/Jasperav/specs.git":
    - JVCAGradientLayerExtensions
    - JVCAShapeLayerExtensions
    - JVConstraintEdges
    - JVContentType
    - JVCurrentDevice
    - JVFontUtils
    - JVGradientLayer
    - JVRestartable
    - JVShapeHalfMoon
    - JVSizeable
    - JVTappable
    - JVView

EXTERNAL SOURCES:
  JVTableView:
    :path: "../"

SPEC CHECKSUMS:
  DeviceKit: 2a6cf0d1ec05e2ac7f9b24cdfdb3cb358900a247
  JVCAGradientLayerExtensions: fb18d708faf5adef4cb26e9c50f84c536865d18c
  JVCAShapeLayerExtensions: efbb4e48e07c68d434fa3a2c5623e787326303e4
  JVConstraintEdges: 48cdf5795e2cb076ee58d34edcfd9048c81bf752
  JVContentType: 308c389b4d3855e5d3b0e54f14862a8f69fd1594
  JVCurrentDevice: 36aaad85ebb56d935de74e7b3bc47c852899dc39
  JVFontUtils: 921dde3aeb100330a46cbf157c544515063fa8e4
  JVGradientLayer: 4f3d45a54ad93706c36441a06d1aff1577c7ccb7
  JVRestartable: 10d08fbc43209829281cdb916630848a37498a80
  JVShapeHalfMoon: cc89e485739516fef93c1960b90d3ac51d0c264f
  JVSizeable: 1252e6b1bed411b3fc34f6119d8eaf6803876cd3
  JVTableView: efd8c1964aaaa002d340d3b467646894ef72bece
  JVTappable: 974c863a43962d8f985d5dee205b2ad00b62fcbd
  JVView: 4feb456c5025770f2068dd5d18a54e666d0c8aa2

PODFILE CHECKSUM: 00ccd456b08e8fea833a5d368f2ccc81425c1c87

COCOAPODS: 1.6.0.beta.1
